{
  "version": 4,
  "terraform_version": "1.10.5",
  "serial": 11,
  "lineage": "d08fbae7-de15-e7d9-4c97-e3ebf2739cb7",
  "outputs": {
    "acr_login_server": {
      "value": "jtjdevacr.azurecr.io",
      "type": "string"
    },
    "containerapps_env_id": {
      "value": "/subscriptions/0ad8d0df-cd19-4488-ae60-3d93992b689b/resourceGroups/jtj-dev-rg/providers/Microsoft.App/managedEnvironments/jtj-dev-cae",
      "type": "string"
    },
    "location": {
      "value": "centralus",
      "type": "string"
    },
    "log_analytics_id": {
      "value": "/subscriptions/0ad8d0df-cd19-4488-ae60-3d93992b689b/resourceGroups/jtj-dev-rg/providers/Microsoft.OperationalInsights/workspaces/jtj-dev-law",
      "type": "string"
    },
    "resource_group_name": {
      "value": "jtj-dev-rg",
      "type": "string"
    }
  },
  "resources": [
    {
      "mode": "managed",
      "type": "azurerm_resource_group",
      "name": "rg",
      "provider": "provider[\"registry.terraform.io/hashicorp/azurerm\"]",
      "instances": [
        {
          "schema_version": 0,
          "attributes": {
            "id": "/subscriptions/0ad8d0df-cd19-4488-ae60-3d93992b689b/resourceGroups/jtj-dev-rg",
            "location": "centralus",
            "managed_by": "",
            "name": "jtj-dev-rg",
            "tags": {
              "env": "dev",
              "owner": "jt-engineering"
            },
            "timeouts": null
          },
          "sensitive_attributes": [],
          "private": "eyJlMmJmYjczMC1lY2FhLTExZTYtOGY4OC0zNDM2M2JjN2M0YzAiOnsiY3JlYXRlIjo1NDAwMDAwMDAwMDAwLCJkZWxldGUiOjU0MDAwMDAwMDAwMDAsInJlYWQiOjMwMDAwMDAwMDAwMCwidXBkYXRlIjo1NDAwMDAwMDAwMDAwfX0="
        }
      ]
    },
    {
      "module": "module.container_artifacts",
      "mode": "managed",
      "type": "azurerm_container_app_environment",
      "name": "cae",
      "provider": "provider[\"registry.terraform.io/hashicorp/azurerm\"]",
      "instances": [
        {
          "schema_version": 0,
          "attributes": {
            "custom_domain_verification_id": "977BC7D2D5B3C68C555100FCF6B68EAC807E8E0223C9DA27AEAD209CFF66FFE8",
            "dapr_application_insights_connection_string": "",
            "default_domain": "delightfulcoast-e5174573.centralus.azurecontainerapps.io",
            "docker_bridge_cidr": "",
            "id": "/subscriptions/0ad8d0df-cd19-4488-ae60-3d93992b689b/resourceGroups/jtj-dev-rg/providers/Microsoft.App/managedEnvironments/jtj-dev-cae",
            "infrastructure_resource_group_name": "",
            "infrastructure_subnet_id": "",
            "internal_load_balancer_enabled": false,
            "location": "centralus",
            "log_analytics_workspace_id": "",
            "mutual_tls_enabled": false,
            "name": "jtj-dev-cae",
            "platform_reserved_cidr": "",
            "platform_reserved_dns_ip_address": "",
            "resource_group_name": "jtj-dev-rg",
            "static_ip_address": "9.234.76.115",
            "tags": {
              "env": "dev",
              "owner": "jt-engineering"
            },
            "timeouts": null,
            "workload_profile": [],
            "zone_redundancy_enabled": false
          },
          "sensitive_attributes": [
            [
              {
                "type": "get_attr",
                "value": "dapr_application_insights_connection_string"
              }
            ]
          ],
          "private": "eyJlMmJmYjczMC1lY2FhLTExZTYtOGY4OC0zNDM2M2JjN2M0YzAiOnsiY3JlYXRlIjoxODAwMDAwMDAwMDAwLCJkZWxldGUiOjE4MDAwMDAwMDAwMDAsInJlYWQiOjMwMDAwMDAwMDAwMCwidXBkYXRlIjoxODAwMDAwMDAwMDAwfX0=",
          "dependencies": [
            "azurerm_resource_group.rg",
            "module.container_artifacts.azurerm_container_registry.acr"
          ]
        }
      ]
    },
    {
      "module": "module.container_artifacts",
      "mode": "managed",
      "type": "azurerm_container_registry",
      "name": "acr",
      "provider": "provider[\"registry.terraform.io/hashicorp/azurerm\"]",
      "instances": [
        {
          "schema_version": 2,
          "attributes": {
            "admin_enabled": false,
            "admin_password": "",
            "admin_username": "",
            "anonymous_pull_enabled": false,
            "data_endpoint_enabled": false,
            "encryption": [
              {
                "enabled": false,
                "identity_client_id": "",
                "key_vault_key_id": ""
              }
            ],
            "export_policy_enabled": true,
            "georeplications": [],
            "id": "/subscriptions/0ad8d0df-cd19-4488-ae60-3d93992b689b/resourceGroups/jtj-dev-rg/providers/Microsoft.ContainerRegistry/registries/jtjdevacr",
            "identity": [],
            "location": "centralus",
            "login_server": "jtjdevacr.azurecr.io",
            "name": "jtjdevacr",
            "network_rule_bypass_option": "AzureServices",
            "network_rule_set": [],
            "public_network_access_enabled": true,
            "quarantine_policy_enabled": false,
            "resource_group_name": "jtj-dev-rg",
            "retention_policy": [
              {
                "days": 7,
                "enabled": false
              }
            ],
            "sku": "Basic",
            "tags": {
              "env": "dev",
              "owner": "jt-engineering"
            },
            "timeouts": null,
            "trust_policy": [
              {
                "enabled": false
              }
            ],
            "zone_redundancy_enabled": false
          },
          "sensitive_attributes": [
            [
              {
                "type": "get_attr",
                "value": "admin_password"
              }
            ]
          ],
          "private": "eyJlMmJmYjczMC1lY2FhLTExZTYtOGY4OC0zNDM2M2JjN2M0YzAiOnsiY3JlYXRlIjoxODAwMDAwMDAwMDAwLCJkZWxldGUiOjE4MDAwMDAwMDAwMDAsInJlYWQiOjMwMDAwMDAwMDAwMCwidXBkYXRlIjoxODAwMDAwMDAwMDAwfSwic2NoZW1hX3ZlcnNpb24iOiIyIn0=",
          "dependencies": [
            "azurerm_resource_group.rg"
          ]
        }
      ]
    },
    {
      "module": "module.container_artifacts",
      "mode": "managed",
      "type": "azurerm_monitor_diagnostic_setting",
      "name": "acr_diag",
      "provider": "provider[\"registry.terraform.io/hashicorp/azurerm\"]",
      "instances": [
        {
          "schema_version": 0,
          "attributes": {
            "enabled_log": [
              {
                "category": "ContainerRegistryRepositoryEvents",
                "category_group": "",
                "retention_policy": [
                  {
                    "days": 0,
                    "enabled": false
                  }
                ]
              }
            ],
            "eventhub_authorization_rule_id": "",
            "eventhub_name": "",
            "id": "/subscriptions/0ad8d0df-cd19-4488-ae60-3d93992b689b/resourceGroups/jtj-dev-rg/providers/Microsoft.ContainerRegistry/registries/jtjdevacr|jtj-dev-acr-diag",
            "log": [
              {
                "category": "ContainerRegistryLoginEvents",
                "category_group": "",
                "enabled": false,
                "retention_policy": [
                  {
                    "days": 0,
                    "enabled": false
                  }
                ]
              },
              {
                "category": "ContainerRegistryRepositoryEvents",
                "category_group": "",
                "enabled": true,
                "retention_policy": [
                  {
                    "days": 0,
                    "enabled": false
                  }
                ]
              }
            ],
            "log_analytics_destination_type": "",
            "log_analytics_workspace_id": "/subscriptions/0ad8d0df-cd19-4488-ae60-3d93992b689b/resourceGroups/jtj-dev-rg/providers/Microsoft.OperationalInsights/workspaces/jtj-dev-law",
            "metric": [
              {
                "category": "AllMetrics",
                "enabled": true,
                "retention_policy": [
                  {
                    "days": 0,
                    "enabled": false
                  }
                ]
              }
            ],
            "name": "jtj-dev-acr-diag",
            "partner_solution_id": null,
            "storage_account_id": null,
            "target_resource_id": "/subscriptions/0ad8d0df-cd19-4488-ae60-3d93992b689b/resourceGroups/jtj-dev-rg/providers/Microsoft.ContainerRegistry/registries/jtjdevacr",
            "timeouts": null
          },
          "sensitive_attributes": [],
          "private": "eyJlMmJmYjczMC1lY2FhLTExZTYtOGY4OC0zNDM2M2JjN2M0YzAiOnsiY3JlYXRlIjoxODAwMDAwMDAwMDAwLCJkZWxldGUiOjM2MDAwMDAwMDAwMDAsInJlYWQiOjMwMDAwMDAwMDAwMCwidXBkYXRlIjoxODAwMDAwMDAwMDAwfX0=",
          "dependencies": [
            "azurerm_resource_group.rg",
            "module.container_artifacts.azurerm_container_registry.acr",
            "module.observability.azurerm_log_analytics_workspace.law"
          ]
        }
      ]
    },
    {
      "module": "module.network",
      "mode": "managed",
      "type": "azurerm_subnet",
      "name": "subs",
      "provider": "provider[\"registry.terraform.io/hashicorp/azurerm\"]",
      "instances": [
        {
          "index_key": "apps",
          "schema_version": 0,
          "attributes": {
            "address_prefixes": [
              "10.50.1.0/24"
            ],
            "default_outbound_access_enabled": true,
            "delegation": [],
            "enforce_private_link_endpoint_network_policies": false,
            "enforce_private_link_service_network_policies": false,
            "id": "/subscriptions/0ad8d0df-cd19-4488-ae60-3d93992b689b/resourceGroups/jtj-dev-rg/providers/Microsoft.Network/virtualNetworks/jtj-dev-vnet/subnets/apps",
            "name": "apps",
            "private_endpoint_network_policies": "Enabled",
            "private_endpoint_network_policies_enabled": true,
            "private_link_service_network_policies_enabled": true,
            "resource_group_name": "jtj-dev-rg",
            "service_endpoint_policy_ids": [],
            "service_endpoints": [],
            "timeouts": null,
            "virtual_network_name": "jtj-dev-vnet"
          },
          "sensitive_attributes": [],
          "private": "eyJlMmJmYjczMC1lY2FhLTExZTYtOGY4OC0zNDM2M2JjN2M0YzAiOnsiY3JlYXRlIjoxODAwMDAwMDAwMDAwLCJkZWxldGUiOjE4MDAwMDAwMDAwMDAsInJlYWQiOjMwMDAwMDAwMDAwMCwidXBkYXRlIjoxODAwMDAwMDAwMDAwfX0=",
          "dependencies": [
            "azurerm_resource_group.rg",
            "module.network.azurerm_virtual_network.vnet"
          ]
        },
        {
          "index_key": "system",
          "schema_version": 0,
          "attributes": {
            "address_prefixes": [
              "10.50.2.0/24"
            ],
            "default_outbound_access_enabled": true,
            "delegation": [],
            "enforce_private_link_endpoint_network_policies": false,
            "enforce_private_link_service_network_policies": false,
            "id": "/subscriptions/0ad8d0df-cd19-4488-ae60-3d93992b689b/resourceGroups/jtj-dev-rg/providers/Microsoft.Network/virtualNetworks/jtj-dev-vnet/subnets/system",
            "name": "system",
            "private_endpoint_network_policies": "Enabled",
            "private_endpoint_network_policies_enabled": true,
            "private_link_service_network_policies_enabled": true,
            "resource_group_name": "jtj-dev-rg",
            "service_endpoint_policy_ids": [],
            "service_endpoints": [],
            "timeouts": null,
            "virtual_network_name": "jtj-dev-vnet"
          },
          "sensitive_attributes": [],
          "private": "eyJlMmJmYjczMC1lY2FhLTExZTYtOGY4OC0zNDM2M2JjN2M0YzAiOnsiY3JlYXRlIjoxODAwMDAwMDAwMDAwLCJkZWxldGUiOjE4MDAwMDAwMDAwMDAsInJlYWQiOjMwMDAwMDAwMDAwMCwidXBkYXRlIjoxODAwMDAwMDAwMDAwfX0=",
          "dependencies": [
            "azurerm_resource_group.rg",
            "module.network.azurerm_virtual_network.vnet"
          ]
        }
      ]
    },
    {
      "module": "module.network",
      "mode": "managed",
      "type": "azurerm_virtual_network",
      "name": "vnet",
      "provider": "provider[\"registry.terraform.io/hashicorp/azurerm\"]",
      "instances": [
        {
          "schema_version": 0,
          "attributes": {
            "address_space": [
              "10.50.0.0/16"
            ],
            "bgp_community": "",
            "ddos_protection_plan": [],
            "dns_servers": [],
            "edge_zone": "",
            "encryption": [],
            "flow_timeout_in_minutes": 0,
            "guid": "45ba775a-5db0-4534-822e-781aae00cf21",
            "id": "/subscriptions/0ad8d0df-cd19-4488-ae60-3d93992b689b/resourceGroups/jtj-dev-rg/providers/Microsoft.Network/virtualNetworks/jtj-dev-vnet",
            "location": "centralus",
            "name": "jtj-dev-vnet",
            "resource_group_name": "jtj-dev-rg",
            "subnet": [
              {
                "address_prefix": "10.50.1.0/24",
                "id": "/subscriptions/0ad8d0df-cd19-4488-ae60-3d93992b689b/resourceGroups/jtj-dev-rg/providers/Microsoft.Network/virtualNetworks/jtj-dev-vnet/subnets/apps",
                "name": "apps",
                "security_group": ""
              },
              {
                "address_prefix": "10.50.2.0/24",
                "id": "/subscriptions/0ad8d0df-cd19-4488-ae60-3d93992b689b/resourceGroups/jtj-dev-rg/providers/Microsoft.Network/virtualNetworks/jtj-dev-vnet/subnets/system",
                "name": "system",
                "security_group": ""
              }
            ],
            "tags": {
              "env": "dev",
              "owner": "jt-engineering"
            },
            "timeouts": null
          },
          "sensitive_attributes": [],
          "private": "eyJlMmJmYjczMC1lY2FhLTExZTYtOGY4OC0zNDM2M2JjN2M0YzAiOnsiY3JlYXRlIjoxODAwMDAwMDAwMDAwLCJkZWxldGUiOjE4MDAwMDAwMDAwMDAsInJlYWQiOjMwMDAwMDAwMDAwMCwidXBkYXRlIjoxODAwMDAwMDAwMDAwfX0=",
          "dependencies": [
            "azurerm_resource_group.rg"
          ]
        }
      ]
    },
    {
      "module": "module.observability",
      "mode": "managed",
      "type": "azurerm_log_analytics_workspace",
      "name": "law",
      "provider": "provider[\"registry.terraform.io/hashicorp/azurerm\"]",
      "instances": [
        {
          "schema_version": 3,
          "attributes": {
            "allow_resource_only_permissions": true,
            "cmk_for_query_forced": false,
            "daily_quota_gb": -1,
            "data_collection_rule_id": "",
            "id": "/subscriptions/0ad8d0df-cd19-4488-ae60-3d93992b689b/resourceGroups/jtj-dev-rg/providers/Microsoft.OperationalInsights/workspaces/jtj-dev-law",
            "identity": [],
            "immediate_data_purge_on_30_days_enabled": false,
            "internet_ingestion_enabled": true,
            "internet_query_enabled": true,
            "local_authentication_disabled": false,
            "location": "centralus",
            "name": "jtj-dev-law",
            "primary_shared_key": "W0DK4a1m5G4Y5xK0lsjfw/6nJH7rxVo5+lMN8aue0jjIKoKYBQKjurk69kLHohOB9gntFWh+7sDekuYWDkAo2Q==",
            "reservation_capacity_in_gb_per_day": null,
            "resource_group_name": "jtj-dev-rg",
            "retention_in_days": 30,
            "secondary_shared_key": "+I83f7L2+W9p9rWDwSbQKxS/wfyUJK4gakHPI8sBFglns20DnlgB24mGu092zEvdISCUkqlGQsemYSOYEiZr8Q==",
            "sku": "PerGB2018",
            "tags": {
              "env": "dev",
              "owner": "jt-engineering"
            },
            "timeouts": null,
            "workspace_id": "618b7ccc-fe36-4401-a223-7fc62ded8405"
          },
          "sensitive_attributes": [
            [
              {
                "type": "get_attr",
                "value": "primary_shared_key"
              }
            ],
            [
              {
                "type": "get_attr",
                "value": "secondary_shared_key"
              }
            ]
          ],
          "private": "eyJlMmJmYjczMC1lY2FhLTExZTYtOGY4OC0zNDM2M2JjN2M0YzAiOnsiY3JlYXRlIjoxODAwMDAwMDAwMDAwLCJkZWxldGUiOjE4MDAwMDAwMDAwMDAsInJlYWQiOjMwMDAwMDAwMDAwMCwidXBkYXRlIjoxODAwMDAwMDAwMDAwfSwic2NoZW1hX3ZlcnNpb24iOiIzIn0=",
          "dependencies": [
            "azurerm_resource_group.rg"
          ]
        }
      ]
    }
  ],
  "check_results": null
}
